// !$*UTF8*$!
{
	archiveVersion = 1;
	classes = {
	};
	objectVersion = 77;
	objects = {

/* Begin PBXContainerItemProxy section */
		FFE620192D8C88CE00BA70B9 /* PBXContainerItemProxy */ = {
			isa = PBXContainerItemProxy;
			containerPortal = FFE61FFA2D8C88CC00BA70B9 /* Project object */;
			proxyType = 1;
			remoteGlobalIDString = FFE620012D8C88CC00BA70B9;
			remoteInfo = "Textfield&PickerView";
		};
		FFE620232D8C88CE00BA70B9 /* PBXContainerItemProxy */ = {
			isa = PBXContainerItemProxy;
			containerPortal = FFE61FFA2D8C88CC00BA70B9 /* Project object */;
			proxyType = 1;
			remoteGlobalIDString = FFE620012D8C88CC00BA70B9;
			remoteInfo = "Textfield&PickerView";
		};
/* End PBXContainerItemProxy section */

/* Begin PBXFileReference section */
		FFE620022D8C88CC00BA70B9 /* Textfield&PickerView.app */ = {isa = PBXFileReference; explicitFileType = wrapper.application; includeInIndex = 0; path = "Textfield&PickerView.app"; sourceTree = BUILT_PRODUCTS_DIR; };
		FFE620182D8C88CD00BA70B9 /* Textfield&PickerViewTests.xctest */ = {isa = PBXFileReference; explicitFileType = wrapper.cfbundle; includeInIndex = 0; path = "Textfield&PickerViewTests.xctest"; sourceTree = BUILT_PRODUCTS_DIR; };
		FFE620222D8C88CE00BA70B9 /* Textfield&PickerViewUITests.xctest */ = {isa = PBXFileReference; explicitFileType = wrapper.cfbundle; includeInIndex = 0; path = "Textfield&PickerViewUITests.xctest"; sourceTree = BUILT_PRODUCTS_DIR; };
/* End PBXFileReference section */

/* Begin PBXFileSystemSynchronizedBuildFileExceptionSet section */
		FFE6202A2D8C88CE00BA70B9 /* Exceptions for "Textfield&PickerView" folder in "Textfield&PickerView" target */ = {
			isa = PBXFileSystemSynchronizedBuildFileExceptionSet;
			membershipExceptions = (
				Info.plist,
			);
			target = FFE620012D8C88CC00BA70B9 /* Textfield&PickerView */;
		};
/* End PBXFileSystemSynchronizedBuildFileExceptionSet section */

/* Begin PBXFileSystemSynchronizedRootGroup section */
		FFE620042D8C88CC00BA70B9 /* Textfield&PickerView */ = {
			isa = PBXFileSystemSynchronizedRootGroup;
			exceptions = (
				FFE6202A2D8C88CE00BA70B9 /* Exceptions for "Textfield&PickerView" folder in "Textfield&PickerView" target */,
			);
			path = "Textfield&PickerView";
			sourceTree = "<group>";
		};
		FFE6201B2D8C88CE00BA70B9 /* Textfield&PickerViewTests */ = {
			isa = PBXFileSystemSynchronizedRootGroup;
			path = "Textfield&PickerViewTests";
			sourceTree = "<group>";
		};
		FFE620252D8C88CE00BA70B9 /* Textfield&PickerViewUITests */ = {
			isa = PBXFileSystemSynchronizedRootGroup;
			path = "Textfield&PickerViewUITests";
			sourceTree = "<group>";
		};
/* End PBXFileSystemSynchronizedRootGroup section */

/* Begin PBXFrameworksBuildPhase section */
		FFE61FFF2D8C88CC00BA70B9 /* Frameworks */ = {
			isa = PBXFrameworksBuildPhase;
			buildActionMask = 2147483647;
			files = (
			);
			runOnlyForDeploymentPostprocessing = 0;
		};
		FFE620152D8C88CD00BA70B9 /* Frameworks */ = {
			isa = PBXFrameworksBuildPhase;
			buildActionMask = 2147483647;
			files = (
			);
			runOnlyForDeploymentPostprocessing = 0;
		};
		FFE6201F2D8C88CE00BA70B9 /* Frameworks */ = {
			isa = PBXFrameworksBuildPhase;
			buildActionMask = 2147483647;
			files = (
			);
			runOnlyForDeploymentPostprocessing = 0;
		};
/* End PBXFrameworksBuildPhase section */

/* Begin PBXGroup section */
		FFE61FF92D8C88CC00BA70B9 = {
			isa = PBXGroup;
			children = (
				FFE620042D8C88CC00BA70B9 /* Textfield&PickerView */,
				FFE6201B2D8C88CE00BA70B9 /* Textfield&PickerViewTests */,
				FFE620252D8C88CE00BA70B9 /* Textfield&PickerViewUITests */,
				FFE620032D8C88CC00BA70B9 /* Products */,
			);
			sourceTree = "<group>";
		};
		FFE620032D8C88CC00BA70B9 /* Products */ = {
			isa = PBXGroup;
			children = (
				FFE620022D8C88CC00BA70B9 /* Textfield&PickerView.app */,
				FFE620182D8C88CD00BA70B9 /* Textfield&PickerViewTests.xctest */,
				FFE620222D8C88CE00BA70B9 /* Textfield&PickerViewUITests.xctest */,
			);
			name = Products;
			sourceTree = "<group>";
		};
/* End PBXGroup section */

/* Begin PBXNativeTarget section */
		FFE620012D8C88CC00BA70B9 /* Textfield&PickerView */ = {
			isa = PBXNativeTarget;
			buildConfigurationList = FFE6202B2D8C88CE00BA70B9 /* Build configuration list for PBXNativeTarget "Textfield&PickerView" */;
			buildPhases = (
				FFE61FFE2D8C88CC00BA70B9 /* Sources */,
				FFE61FFF2D8C88CC00BA70B9 /* Frameworks */,
				FFE620002D8C88CC00BA70B9 /* Resources */,
			);
			buildRules = (
			);
			dependencies = (
			);
			fileSystemSynchronizedGroups = (
				FFE620042D8C88CC00BA70B9 /* Textfield&PickerView */,
			);
			name = "Textfield&PickerView";
			packageProductDependencies = (
			);
			productName = "Textfield&PickerView";
			productReference = FFE620022D8C88CC00BA70B9 /* Textfield&PickerView.app */;
			productType = "com.apple.product-type.application";
		};
		FFE620172D8C88CD00BA70B9 /* Textfield&PickerViewTests */ = {
			isa = PBXNativeTarget;
			buildConfigurationList = FFE620302D8C88CE00BA70B9 /* Build configuration list for PBXNativeTarget "Textfield&PickerViewTests" */;
			buildPhases = (
				FFE620142D8C88CD00BA70B9 /* Sources */,
				FFE620152D8C88CD00BA70B9 /* Frameworks */,
				FFE620162D8C88CD00BA70B9 /* Resources */,
			);
			buildRules = (
			);
			dependencies = (
				FFE6201A2D8C88CE00BA70B9 /* PBXTargetDependency */,
			);
			fileSystemSynchronizedGroups = (
				FFE6201B2D8C88CE00BA70B9 /* Textfield&PickerViewTests */,
			);
			name = "Textfield&PickerViewTests";
			packageProductDependencies = (
			);
			productName = "Textfield&PickerViewTests";
			productReference = FFE620182D8C88CD00BA70B9 /* Textfield&PickerViewTests.xctest */;
			productType = "com.apple.product-type.bundle.unit-test";
		};
		FFE620212D8C88CE00BA70B9 /* Textfield&PickerViewUITests */ = {
			isa = PBXNativeTarget;
			buildConfigurationList = FFE620332D8C88CE00BA70B9 /* Build configuration list for PBXNativeTarget "Textfield&PickerViewUITests" */;
			buildPhases = (
				FFE6201E2D8C88CE00BA70B9 /* Sources */,
				FFE6201F2D8C88CE00BA70B9 /* Frameworks */,
				FFE620202D8C88CE00BA70B9 /* Resources */,
			);
			buildRules = (
			);
			dependencies = (
				FFE620242D8C88CE00BA70B9 /* PBXTargetDependency */,
			);
			fileSystemSynchronizedGroups = (
				FFE620252D8C88CE00BA70B9 /* Textfield&PickerViewUITests */,
			);
			name = "Textfield&PickerViewUITests";
			packageProductDependencies = (
			);
			productName = "Textfield&PickerViewUITests";
			productReference = FFE620222D8C88CE00BA70B9 /* Textfield&PickerViewUITests.xctest */;
			productType = "com.apple.product-type.bundle.ui-testing";
		};
/* End PBXNativeTarget section */

/* Begin PBXProject section */
		FFE61FFA2D8C88CC00BA70B9 /* Project object */ = {
			isa = PBXProject;
			attributes = {
				BuildIndependentTargetsInParallel = 1;
				LastSwiftUpdateCheck = 1620;
				LastUpgradeCheck = 1620;
				TargetAttributes = {
					FFE620012D8C88CC00BA70B9 = {
						CreatedOnToolsVersion = 16.2;
					};
					FFE620172D8C88CD00BA70B9 = {
						CreatedOnToolsVersion = 16.2;
						TestTargetID = FFE620012D8C88CC00BA70B9;
					};
					FFE620212D8C88CE00BA70B9 = {
						CreatedOnToolsVersion = 16.2;
						TestTargetID = FFE620012D8C88CC00BA70B9;
					};
				};
			};
			buildConfigurationList = FFE61FFD2D8C88CC00BA70B9 /* Build configuration list for PBXProject "Textfield&PickerView" */;
			developmentRegion = en;
			hasScannedForEncodings = 0;
			knownRegions = (
				en,
				Base,
			);
			mainGroup = FFE61FF92D8C88CC00BA70B9;
			minimizedProjectReferenceProxies = 1;
			preferredProjectObjectVersion = 77;
			productRefGroup = FFE620032D8C88CC00BA70B9 /* Products */;
			projectDirPath = "";
			projectRoot = "";
			targets = (
				FFE620012D8C88CC00BA70B9 /* Textfield&PickerView */,
				FFE620172D8C88CD00BA70B9 /* Textfield&PickerViewTests */,
				FFE620212D8C88CE00BA70B9 /* Textfield&PickerViewUITests */,
			);
		};
/* End PBXProject section */

/* Begin PBXResourcesBuildPhase section */
		FFE620002D8C88CC00BA70B9 /* Resources */ = {
			isa = PBXResourcesBuildPhase;
			buildActionMask = 2147483647;
			files = (
			);
			runOnlyForDeploymentPostprocessing = 0;
		};
		FFE620162D8C88CD00BA70B9 /* Resources */ = {
			isa = PBXResourcesBuildPhase;
			buildActionMask = 2147483647;
			files = (
			);
			runOnlyForDeploymentPostprocessing = 0;
		};
		FFE620202D8C88CE00BA70B9 /* Resources */ = {
			isa = PBXResourcesBuildPhase;
			buildActionMask = 2147483647;
			files = (
			);
			runOnlyForDeploymentPostprocessing = 0;
		};
/* End PBXResourcesBuildPhase section */

/* Begin PBXSourcesBuildPhase section */
		FFE61FFE2D8C88CC00BA70B9 /* Sources */ = {
			isa = PBXSourcesBuildPhase;
			buildActionMask = 2147483647;
			files = (
			);
			runOnlyForDeploymentPostprocessing = 0;
		};
		FFE620142D8C88CD00BA70B9 /* Sources */ = {
			isa = PBXSourcesBuildPhase;
			buildActionMask = 2147483647;
			files = (
			);
			runOnlyForDeploymentPostprocessing = 0;
		};
		FFE6201E2D8C88CE00BA70B9 /* Sources */ = {
			isa = PBXSourcesBuildPhase;
			buildActionMask = 2147483647;
			files = (
			);
			runOnlyForDeploymentPostprocessing = 0;
		};
/* End PBXSourcesBuildPhase section */

/* Begin PBXTargetDependency section */
		FFE6201A2D8C88CE00BA70B9 /* PBXTargetDependency */ = {
			isa = PBXTargetDependency;
			target = FFE620012D8C88CC00BA70B9 /* Textfield&PickerView */;
			targetProxy = FFE620192D8C88CE00BA70B9 /* PBXContainerItemProxy */;
		};
		FFE620242D8C88CE00BA70B9 /* PBXTargetDependency */ = {
			isa = PBXTargetDependency;
			target = FFE620012D8C88CC00BA70B9 /* Textfield&PickerView */;
			targetProxy = FFE620232D8C88CE00BA70B9 /* PBXContainerItemProxy */;
		};
/* End PBXTargetDependency section */

/* Begin XCBuildConfiguration section */
		FFE6202C2D8C88CE00BA70B9 /* Debug */ = {
			isa = XCBuildConfiguration;
			buildSettings = {
				ASSETCATALOG_COMPILER_APPICON_NAME = AppIcon;
				ASSETCATALOG_COMPILER_GLOBAL_ACCENT_COLOR_NAME = AccentColor;
				CODE_SIGN_STYLE = Automatic;
				CURRENT_PROJECT_VERSION = 1;
				DEVELOPMENT_TEAM = T985K3P4V7;
				GENERATE_INFOPLIST_FILE = YES;
				INFOPLIST_FILE = "Textfield&PickerView/Info.plist";
				INFOPLIST_KEY_UIApplicationSupportsIndirectInputEvents = YES;
				INFOPLIST_KEY_UILaunchStoryboardName = LaunchScreen;
				INFOPLIST_KEY_UIMainStoryboardFile = Main;
				INFOPLIST_KEY_UISupportedInterfaceOrientations_iPad = "UIInterfaceOrientationPortrait UIInterfaceOrientationPortraitUpsideDown UIInterfaceOrientationLandscapeLeft UIInterfaceOrientationLandscapeRight";
				INFOPLIST_KEY_UISupportedInterfaceOrientations_iPhone = "UIInterfaceOrientationPortrait UIInterfaceOrientationLandscapeLeft UIInterfaceOrientationLandscapeRight";
				LD_RUNPATH_SEARCH_PATHS = (
					"$(inherited)",
					"@executable_path/Frameworks",
				);
				MARKETING_VERSION = 1.0;
				PRODUCT_BUNDLE_IDENTIFIER = "com.omerapaydin.Textfield-PickerView";
				PRODUCT_NAME = "$(TARGET_NAME)";
				SWIFT_EMIT_LOC_STRINGS = YES;
				SWIFT_VERSION = 5.0;
				TARGETED_DEVICE_FAMILY = "1,2";
			};
			name = Debug;
		};
		FFE6202D2D8C88CE00BA70B9 /* Release */ = {
			isa = XCBuildConfiguration;
			buildSettings = {
				ASSETCATALOG_COMPILER_APPICON_NAME = AppIcon;
				ASSETCATALOG_COMPILER_GLOBAL_ACCENT_COLOR_NAME = AccentColor;
				CODE_SIGN_STYLE = Automatic;
				CURRENT_PROJECT_VERSION = 1;
				DEVELOPMENT_TEAM = T985K3P4V7;
				GENERATE_INFOPLIST_FILE = YES;
				INFOPLIST_FILE = "Textfield&PickerView/Info.plist";
				INFOPLIST_KEY_UIApplicationSupportsIndirectInputEvents = YES;
				INFOPLIST_KEY_UILaunchStoryboardName = LaunchScreen;
				INFOPLIST_KEY_UIMainStoryboardFile = Main;
				INFOPLIST_KEY_UISupportedInterfaceOrientations_iPad = "UIInterfaceOrientationPortrait UIInterfaceOrientationPortraitUpsideDown UIInterfaceOrientationLandscapeLeft UIInterfaceOrientationLandscapeRight";
				INFOPLIST_KEY_UISupportedInterfaceOrientations_iPhone = "UIInterfaceOrientationPortrait UIInterfaceOrientationLandscapeLeft UIInterfaceOrientationLandscapeRight";
				LD_RUNPATH_SEARCH_PATHS = (
					"$(inherited)",
					"@executable_path/Frameworks",
				);
				MARKETING_VERSION = 1.0;
				PRODUCT_BUNDLE_IDENTIFIER = "com.omerapaydin.Textfield-PickerView";
				PRODUCT_NAME = "$(TARGET_NAME)";
				SWIFT_EMIT_LOC_STRINGS = YES;
				SWIFT_VERSION = 5.0;
				TARGETED_DEVICE_FAMILY = "1,2";
			};
			name = Release;
		};
		FFE6202E2D8C88CE00BA70B9 /* Debug */ = {
			isa = XCBuildConfiguration;
			buildSettings = {
				ALWAYS_SEARCH_USER_PATHS = NO;
				ASSETCATALOG_COMPILER_GENERATE_SWIFT_ASSET_SYMBOL_EXTENSIONS = YES;
				CLANG_ANALYZER_NONNULL = YES;
				CLANG_ANALYZER_NUMBER_OBJECT_CONVERSION = YES_AGGRESSIVE;
				CLANG_CXX_LANGUAGE_STANDARD = "gnu++20";
				CLANG_ENABLE_MODULES = YES;
				CLANG_ENABLE_OBJC_ARC = YES;
				CLANG_ENABLE_OBJC_WEAK = YES;
				CLANG_WARN_BLOCK_CAPTURE_AUTORELEASING = YES;
				CLANG_WARN_BOOL_CONVERSION = YES;
				CLANG_WARN_COMMA = YES;
				CLANG_WARN_CONSTANT_CONVERSION = YES;
				CLANG_WARN_DEPRECATED_OBJC_IMPLEMENTATIONS = YES;
				CLANG_WARN_DIRECT_OBJC_ISA_USAGE = YES_ERROR;
				CLANG_WARN_DOCUMENTATION_COMMENTS = YES;
				CLANG_WARN_EMPTY_BODY = YES;
				CLANG_WARN_ENUM_CONVERSION = YES;
				CLANG_WARN_INFINITE_RECURSION = YES;
				CLANG_WARN_INT_CONVERSION = YES;
				CLANG_WARN_NON_LITERAL_NULL_CONVERSION = YES;
				CLANG_WARN_OBJC_IMPLICIT_RETAIN_SELF = YES;
				CLANG_WARN_OBJC_LITERAL_CONVERSION = YES;
				CLANG_WARN_OBJC_ROOT_CLASS = YES_ERROR;
				CLANG_WARN_QUOTED_INCLUDE_IN_FRAMEWORK_HEADER = YES;
				CLANG_WARN_RANGE_LOOP_ANALYSIS = YES;
				CLANG_WARN_STRICT_PROTOTYPES = YES;
				CLANG_WARN_SUSPICIOUS_MOVE = YES;
				CLANG_WARN_UNGUARDED_AVAILABILITY = YES_AGGRESSIVE;
				CLANG_WARN_UNREACHABLE_CODE = YES;
				CLANG_WARN__DUPLICATE_METHOD_MATCH = YES;
				COPY_PHASE_STRIP = NO;
				DEBUG_INFORMATION_FORMAT = dwarf;
				ENABLE_STRICT_OBJC_MSGSEND = YES;
				ENABLE_TESTABILITY = YES;
				ENABLE_USER_SCRIPT_SANDBOXING = YES;
				GCC_C_LANGUAGE_STANDARD = gnu17;
				GCC_DYNAMIC_NO_PIC = NO;
				GCC_NO_COMMON_BLOCKS = YES;
				GCC_OPTIMIZATION_LEVEL = 0;
				GCC_PREPROCESSOR_DEFINITIONS = (
					"DEBUG=1",
					"$(inherited)",
				);
				GCC_WARN_64_TO_32_BIT_CONVERSION = YES;
				GCC_WARN_ABOUT_RETURN_TYPE = YES_ERROR;
				GCC_WARN_UNDECLARED_SELECTOR = YES;
				GCC_WARN_UNINITIALIZED_AUTOS = YES_AGGRESSIVE;
				GCC_WARN_UNUSED_FUNCTION = YES;
				GCC_WARN_UNUSED_VARIABLE = YES;
				IPHONEOS_DEPLOYMENT_TARGET = 18.2;
				LOCALIZATION_PREFERS_STRING_CATALOGS = YES;
				MTL_ENABLE_DEBUG_INFO = INCLUDE_SOURCE;
				MTL_FAST_MATH = YES;
				ONLY_ACTIVE_ARCH = YES;
				SDKROOT = iphoneos;
				SWIFT_ACTIVE_COMPILATION_CONDITIONS = "DEBUG $(inherited)";
				SWIFT_OPTIMIZATION_LEVEL = "-Onone";
			};
			name = Debug;
		};
		FFE6202F2D8C88CE00BA70B9 /* Release */ = {
			isa = XCBuildConfiguration;
			buildSettings = {
				ALWAYS_SEARCH_USER_PATHS = NO;
				ASSETCATALOG_COMPILER_GENERATE_SWIFT_ASSET_SYMBOL_EXTENSIONS = YES;
				CLANG_ANALYZER_NONNULL = YES;
				CLANG_ANALYZER_NUMBER_OBJECT_CONVERSION = YES_AGGRESSIVE;
				CLANG_CXX_LANGUAGE_STANDARD = "gnu++20";
				CLANG_ENABLE_MODULES = YES;
				CLANG_ENABLE_OBJC_ARC = YES;
				CLANG_ENABLE_OBJC_WEAK = YES;
				CLANG_WARN_BLOCK_CAPTURE_AUTORELEASING = YES;
				CLANG_WARN_BOOL_CONVERSION = YES;
				CLANG_WARN_COMMA = YES;
				CLANG_WARN_CONSTANT_CONVERSION = YES;
				CLANG_WARN_DEPRECATED_OBJC_IMPLEMENTATIONS = YES;
				CLANG_WARN_DIRECT_OBJC_ISA_USAGE = YES_ERROR;
				CLANG_WARN_DOCUMENTATION_COMMENTS = YES;
				CLANG_WARN_EMPTY_BODY = YES;
				CLANG_WARN_ENUM_CONVERSION = YES;
				CLANG_WARN_INFINITE_RECURSION = YES;
				CLANG_WARN_INT_CONVERSION = YES;
				CLANG_WARN_NON_LITERAL_NULL_CONVERSION = YES;
				CLANG_WARN_OBJC_IMPLICIT_RETAIN_SELF = YES;
				CLANG_WARN_OBJC_LITERAL_CONVERSION = YES;
				CLANG_WARN_OBJC_ROOT_CLASS = YES_ERROR;
				CLANG_WARN_QUOTED_INCLUDE_IN_FRAMEWORK_HEADER = YES;
				CLANG_WARN_RANGE_LOOP_ANALYSIS = YES;
				CLANG_WARN_STRICT_PROTOTYPES = YES;
				CLANG_WARN_SUSPICIOUS_MOVE = YES;
				CLANG_WARN_UNGUARDED_AVAILABILITY = YES_AGGRESSIVE;
				CLANG_WARN_UNREACHABLE_CODE = YES;
				CLANG_WARN__DUPLICATE_METHOD_MATCH = YES;
				COPY_PHASE_STRIP = NO;
				DEBUG_INFORMATION_FORMAT = "dwarf-with-dsym";
				ENABLE_NS_ASSERTIONS = NO;
				ENABLE_STRICT_OBJC_MSGSEND = YES;
				ENABLE_USER_SCRIPT_SANDBOXING = YES;
				GCC_C_LANGUAGE_STANDARD = gnu17;
				GCC_NO_COMMON_BLOCKS = YES;
				GCC_WARN_64_TO_32_BIT_CONVERSION = YES;
				GCC_WARN_ABOUT_RETURN_TYPE = YES_ERROR;
				GCC_WARN_UNDECLARED_SELECTOR = YES;
				GCC_WARN_UNINITIALIZED_AUTOS = YES_AGGRESSIVE;
				GCC_WARN_UNUSED_FUNCTION = YES;
				GCC_WARN_UNUSED_VARIABLE = YES;
				IPHONEOS_DEPLOYMENT_TARGET = 18.2;
				LOCALIZATION_PREFERS_STRING_CATALOGS = YES;
				MTL_ENABLE_DEBUG_INFO = NO;
				MTL_FAST_MATH = YES;
				SDKROOT = iphoneos;
				SWIFT_COMPILATION_MODE = wholemodule;
				VALIDATE_PRODUCT = YES;
			};
			name = Release;
		};
		FFE620312D8C88CE00BA70B9 /* Debug */ = {
			isa = XCBuildConfiguration;
			buildSettings = {
				BUNDLE_LOADER = "$(TEST_HOST)";
				CODE_SIGN_STYLE = Automatic;
				CURRENT_PROJECT_VERSION = 1;
				DEVELOPMENT_TEAM = T985K3P4V7;
				GENERATE_INFOPLIST_FILE = YES;
				IPHONEOS_DEPLOYMENT_TARGET = 18.2;
				MARKETING_VERSION = 1.0;
				PRODUCT_BUNDLE_IDENTIFIER = "com.omerapaydin.Textfield-PickerViewTests";
				PRODUCT_NAME = "$(TARGET_NAME)";
				SWIFT_EMIT_LOC_STRINGS = NO;
				SWIFT_VERSION = 5.0;
				TARGETED_DEVICE_FAMILY = "1,2";
				TEST_HOST = "$(BUILT_PRODUCTS_DIR)/Textfield&PickerView.app/$(BUNDLE_EXECUTABLE_FOLDER_PATH)/Textfield&PickerView";
			};
			name = Debug;
		};
		FFE620322D8C88CE00BA70B9 /* Release */ = {
			isa = XCBuildConfiguration;
			buildSettings = {
				BUNDLE_LOADER = "$(TEST_HOST)";
				CODE_SIGN_STYLE = Automatic;
				CURRENT_PROJECT_VERSION = 1;
				DEVELOPMENT_TEAM = T985K3P4V7;
				GENERATE_INFOPLIST_FILE = YES;
				IPHONEOS_DEPLOYMENT_TARGET = 18.2;
				MARKETING_VERSION = 1.0;
				PRODUCT_BUNDLE_IDENTIFIER = "com.omerapaydin.Textfield-PickerViewTests";
				PRODUCT_NAME = "$(TARGET_NAME)";
				SWIFT_EMIT_LOC_STRINGS = NO;
				SWIFT_VERSION = 5.0;
				TARGETED_DEVICE_FAMILY = "1,2";
				TEST_HOST = "$(BUILT_PRODUCTS_DIR)/Textfield&PickerView.app/$(BUNDLE_EXECUTABLE_FOLDER_PATH)/Textfield&PickerView";
			};
			name = Release;
		};
		FFE620342D8C88CE00BA70B9 /* Debug */ = {
			isa = XCBuildConfiguration;
			buildSettings = {
				CODE_SIGN_STYLE = Automatic;
				CURRENT_PROJECT_VERSION = 1;
				DEVELOPMENT_TEAM = T985K3P4V7;
				GENERATE_INFOPLIST_FILE = YES;
				MARKETING_VERSION = 1.0;
				PRODUCT_BUNDLE_IDENTIFIER = "com.omerapaydin.Textfield-PickerViewUITests";
				PRODUCT_NAME = "$(TARGET_NAME)";
				SWIFT_EMIT_LOC_STRINGS = NO;
				SWIFT_VERSION = 5.0;
				TARGETED_DEVICE_FAMILY = "1,2";
				TEST_TARGET_NAME = "Textfield&PickerView";
			};
			name = Debug;
		};
		FFE620352D8C88CE00BA70B9 /* Release */ = {
			isa = XCBuildConfiguration;
			buildSettings = {
				CODE_SIGN_STYLE = Automatic;
				CURRENT_PROJECT_VERSION = 1;
				DEVELOPMENT_TEAM = T985K3P4V7;
				GENERATE_INFOPLIST_FILE = YES;
				MARKETING_VERSION = 1.0;
				PRODUCT_BUNDLE_IDENTIFIER = "com.omerapaydin.Textfield-PickerViewUITests";
				PRODUCT_NAME = "$(TARGET_NAME)";
				SWIFT_EMIT_LOC_STRINGS = NO;
				SWIFT_VERSION = 5.0;
				TARGETED_DEVICE_FAMILY = "1,2";
				TEST_TARGET_NAME = "Textfield&PickerView";
			};
			name = Release;
		};
/* End XCBuildConfiguration section */

/* Begin XCConfigurationList section */
		FFE61FFD2D8C88CC00BA70B9 /* Build configuration list for PBXProject "Textfield&PickerView" */ = {
			isa = XCConfigurationList;
			buildConfigurations = (
				FFE6202E2D8C88CE00BA70B9 /* Debug */,
				FFE6202F2D8C88CE00BA70B9 /* Release */,
			);
			defaultConfigurationIsVisible = 0;
			defaultConfigurationName = Release;
		};
		FFE6202B2D8C88CE00BA70B9 /* Build configuration list for PBXNativeTarget "Textfield&PickerView" */ = {
			isa = XCConfigurationList;
			buildConfigurations = (
				FFE6202C2D8C88CE00BA70B9 /* Debug */,
				FFE6202D2D8C88CE00BA70B9 /* Release */,
			);
			defaultConfigurationIsVisible = 0;
			defaultConfigurationName = Release;
		};
		FFE620302D8C88CE00BA70B9 /* Build configuration list for PBXNativeTarget "Textfield&PickerViewTests" */ = {
			isa = XCConfigurationList;
			buildConfigurations = (
				FFE620312D8C88CE00BA70B9 /* Debug */,
				FFE620322D8C88CE00BA70B9 /* Release */,
			);
			defaultConfigurationIsVisible = 0;
			defaultConfigurationName = Release;
		};
		FFE620332D8C88CE00BA70B9 /* Build configuration list for PBXNativeTarget "Textfield&PickerViewUITests" */ = {
			isa = XCConfigurationList;
			buildConfigurations = (
				FFE620342D8C88CE00BA70B9 /* Debug */,
				FFE620352D8C88CE00BA70B9 /* Release */,
			);
			defaultConfigurationIsVisible = 0;
			defaultConfigurationName = Release;
		};
/* End XCConfigurationList section */
	};
	rootObject = FFE61FFA2D8C88CC00BA70B9 /* Project object */;
}
